// !$*UTF8*$!
{
	archiveVersion = 1;
	classes = {
	};
	objectVersion = 50;
	objects = {

/* Begin PBXBuildFile section */
		3879BCBF227A85C2003B6862 /* AppDelegate.swift in Sources */ = {isa = PBXBuildFile; fileRef = 3879BCBE227A85C2003B6862 /* AppDelegate.swift */; };
		3879BCC1227A85C2003B6862 /* ViewController.swift in Sources */ = {isa = PBXBuildFile; fileRef = 3879BCC0227A85C2003B6862 /* ViewController.swift */; };
		3879BCC4227A85C2003B6862 /* Main.storyboard in Resources */ = {isa = PBXBuildFile; fileRef = 3879BCC2227A85C2003B6862 /* Main.storyboard */; };
		3879BCC6227A85C3003B6862 /* Assets.xcassets in Resources */ = {isa = PBXBuildFile; fileRef = 3879BCC5227A85C3003B6862 /* Assets.xcassets */; };
		3879BCC9227A85C3003B6862 /* LaunchScreen.storyboard in Resources */ = {isa = PBXBuildFile; fileRef = 3879BCC7227A85C3003B6862 /* LaunchScreen.storyboard */; };
		3879BCD2227A8739003B6862 /* BackgroundView.swift in Sources */ = {isa = PBXBuildFile; fileRef = 3879BCD0227A8739003B6862 /* BackgroundView.swift */; };
		3879BCD3227A8739003B6862 /* CustomTextField.swift in Sources */ = {isa = PBXBuildFile; fileRef = 3879BCD1227A8739003B6862 /* CustomTextField.swift */; };
/* End PBXBuildFile section */

/* Begin PBXFileReference section */
		3879BCBB227A85C2003B6862 /* AutoLayout (iOSPT1).app */ = {isa = PBXFileReference; explicitFileType = wrapper.application; includeInIndex = 0; path = "AutoLayout (iOSPT1).app"; sourceTree = BUILT_PRODUCTS_DIR; };
		3879BCBE227A85C2003B6862 /* AppDelegate.swift */ = {isa = PBXFileReference; lastKnownFileType = sourcecode.swift; path = AppDelegate.swift; sourceTree = "<group>"; };
		3879BCC0227A85C2003B6862 /* ViewController.swift */ = {isa = PBXFileReference; lastKnownFileType = sourcecode.swift; path = ViewController.swift; sourceTree = "<group>"; };
		3879BCC3227A85C2003B6862 /* Base */ = {isa = PBXFileReference; lastKnownFileType = file.storyboard; name = Base; path = Base.lproj/Main.storyboard; sourceTree = "<group>"; };
		3879BCC5227A85C3003B6862 /* Assets.xcassets */ = {isa = PBXFileReference; lastKnownFileType = folder.assetcatalog; path = Assets.xcassets; sourceTree = "<group>"; };
		3879BCC8227A85C3003B6862 /* Base */ = {isa = PBXFileReference; lastKnownFileType = file.storyboard; name = Base; path = Base.lproj/LaunchScreen.storyboard; sourceTree = "<group>"; };
		3879BCCA227A85C3003B6862 /* Info.plist */ = {isa = PBXFileReference; lastKnownFileType = text.plist.xml; path = Info.plist; sourceTree = "<group>"; };
		3879BCD0227A8739003B6862 /* BackgroundView.swift */ = {isa = PBXFileReference; fileEncoding = 4; lastKnownFileType = sourcecode.swift; path = BackgroundView.swift; sourceTree = "<group>"; };
		3879BCD1227A8739003B6862 /* CustomTextField.swift */ = {isa = PBXFileReference; fileEncoding = 4; lastKnownFileType = sourcecode.swift; path = CustomTextField.swift; sourceTree = "<group>"; };
/* End PBXFileReference section */

/* Begin PBXFrameworksBuildPhase section */
		3879BCB8227A85C2003B6862 /* Frameworks */ = {
			isa = PBXFrameworksBuildPhase;
			buildActionMask = 2147483647;
			files = (
			);
			runOnlyForDeploymentPostprocessing = 0;
		};
/* End PBXFrameworksBuildPhase section */

/* Begin PBXGroup section */
		3879BCB2227A85C2003B6862 = {
			isa = PBXGroup;
			children = (
				3879BCBD227A85C2003B6862 /* AutoLayout (iOSPT1) */,
				3879BCBC227A85C2003B6862 /* Products */,
			);
			sourceTree = "<group>";
		};
		3879BCBC227A85C2003B6862 /* Products */ = {
			isa = PBXGroup;
			children = (
				3879BCBB227A85C2003B6862 /* AutoLayout (iOSPT1).app */,
			);
			name = Products;
			sourceTree = "<group>";
		};
		3879BCBD227A85C2003B6862 /* AutoLayout (iOSPT1) */ = {
			isa = PBXGroup;
			children = (
				3879BCBE227A85C2003B6862 /* AppDelegate.swift */,
				3879BCC0227A85C2003B6862 /* ViewController.swift */,
				3879BCD0227A8739003B6862 /* BackgroundView.swift */,
				3879BCD1227A8739003B6862 /* CustomTextField.swift */,
				3879BCC2227A85C2003B6862 /* Main.storyboard */,
				3879BCC5227A85C3003B6862 /* Assets.xcassets */,
				3879BCC7227A85C3003B6862 /* LaunchScreen.storyboard */,
				3879BCCA227A85C3003B6862 /* Info.plist */,
			);
			path = "AutoLayout (iOSPT1)";
			sourceTree = "<group>";
		};
/* End PBXGroup section */

/* Begin PBXNativeTarget section */
		3879BCBA227A85C2003B6862 /* AutoLayout (iOSPT1) */ = {
			isa = PBXNativeTarget;
			buildConfigurationList = 3879BCCD227A85C3003B6862 /* Build configuration list for PBXNativeTarget "AutoLayout (iOSPT1)" */;
			buildPhases = (
				3879BCB7227A85C2003B6862 /* Sources */,
				3879BCB8227A85C2003B6862 /* Frameworks */,
				3879BCB9227A85C2003B6862 /* Resources */,
			);
			buildRules = (
			);
			dependencies = (
			);
			name = "AutoLayout (iOSPT1)";
			productName = "AutoLayout (iOSPT1)";
			productReference = 3879BCBB227A85C2003B6862 /* AutoLayout (iOSPT1).app */;
			productType = "com.apple.product-type.application";
		};
/* End PBXNativeTarget section */

/* Begin PBXProject section */
		3879BCB3227A85C2003B6862 /* Project object */ = {
			isa = PBXProject;
			attributes = {
				LastSwiftUpdateCheck = 1020;
				LastUpgradeCheck = 1020;
				ORGANIZATIONNAME = "Johnny Hicks";
				TargetAttributes = {
					3879BCBA227A85C2003B6862 = {
						CreatedOnToolsVersion = 10.2.1;
					};
				};
			};
			buildConfigurationList = 3879BCB6227A85C2003B6862 /* Build configuration list for PBXProject "AutoLayout (iOSPT1)" */;
			compatibilityVersion = "Xcode 9.3";
			developmentRegion = en;
			hasScannedForEncodings = 0;
			knownRegions = (
				en,
				Base,
			);
			mainGroup = 3879BCB2227A85C2003B6862;
			productRefGroup = 3879BCBC227A85C2003B6862 /* Products */;
			projectDirPath = "";
			projectRoot = "";
			targets = (
				3879BCBA227A85C2003B6862 /* AutoLayout (iOSPT1) */,
			);
		};
/* End PBXProject section */

/* Begin PBXResourcesBuildPhase section */
		3879BCB9227A85C2003B6862 /* Resources */ = {
			isa = PBXResourcesBuildPhase;
			buildActionMask = 2147483647;
			files = (
				3879BCC9227A85C3003B6862 /* LaunchScreen.storyboard in Resources */,
				3879BCC6227A85C3003B6862 /* Assets.xcassets in Resources */,
				3879BCC4227A85C2003B6862 /* Main.storyboard in Resources */,
			);
			runOnlyForDeploymentPostprocessing = 0;
		};
/* End PBXResourcesBuildPhase section */

/* Begin PBXSourcesBuildPhase section */
		3879BCB7227A85C2003B6862 /* Sources */ = {
			isa = PBXSourcesBuildPhase;
			buildActionMask = 2147483647;
			files = (
				3879BCD3227A8739003B6862 /* CustomTextField.swift in Sources */,
				3879BCD2227A8739003B6862 /* BackgroundView.swift in Sources */,
				3879BCC1227A85C2003B6862 /* ViewController.swift in Sources */,
				3879BCBF227A85C2003B6862 /* AppDelegate.swift in Sources */,
			);
			runOnlyForDeploymentPostprocessing = 0;
		};
/* End PBXSourcesBuildPhase section */

/* Begin PBXVariantGroup section */
		3879BCC2227A85C2003B6862 /* Main.storyboard */ = {
			isa = PBXVariantGroup;
			children = (
				3879BCC3227A85C2003B6862 /* Base */,
			);
			name = Main.storyboard;
			sourceTree = "<group>";
		};
		3879BCC7227A85C3003B6862 /* LaunchScreen.storyboard */ = {
			isa = PBXVariantGroup;
			children = (
				3879BCC8227A85C3003B6862 /* Base */,
			);
			name = LaunchScreen.storyboard;
			sourceTree = "<group>";
		};
/* End PBXVariantGroup section */

/* Begin XCBuildConfiguration section */
		3879BCCB227A85C3003B6862 /* Debug */ = {
			isa = XCBuildConfiguration;
			buildSettings = {
				ALWAYS_SEARCH_USER_PATHS = NO;
				CLANG_ANALYZER_NONNULL = YES;
				CLANG_ANALYZER_NUMBER_OBJECT_CONVERSION = YES_AGGRESSIVE;
				CLANG_CXX_LANGUAGE_STANDARD = "gnu++14";
				CLANG_CXX_LIBRARY = "libc++";
				CLANG_ENABLE_MODULES = YES;
				CLANG_ENABLE_OBJC_ARC = YES;
				CLANG_ENABLE_OBJC_WEAK = YES;
				CLANG_WARN_BLOCK_CAPTURE_AUTORELEASING = YES;
				CLANG_WARN_BOOL_CONVERSION = YES;
				CLANG_WARN_COMMA = YES;
				CLANG_WARN_CONSTANT_CONVERSION = YES;
				CLANG_WARN_DEPRECATED_OBJC_IMPLEMENTATIONS = YES;
				CLANG_WARN_DIRECT_OBJC_ISA_USAGE = YES_ERROR;
				CLANG_WARN_DOCUMENTATION_COMMENTS = YES;
				CLANG_WARN_EMPTY_BODY = YES;
				CLANG_WARN_ENUM_CONVERSION = YES;
				CLANG_WARN_INFINITE_RECURSION = YES;
				CLANG_WARN_INT_CONVERSION = YES;
				CLANG_WARN_NON_LITERAL_NULL_CONVERSION = YES;
				CLANG_WARN_OBJC_IMPLICIT_RETAIN_SELF = YES;
				CLANG_WARN_OBJC_LITERAL_CONVERSION = YES;
				CLANG_WARN_OBJC_ROOT_CLASS = YES_ERROR;
				CLANG_WARN_RANGE_LOOP_ANALYSIS = YES;
				CLANG_WARN_STRICT_PROTOTYPES = YES;
				CLANG_WARN_SUSPICIOUS_MOVE = YES;
				CLANG_WARN_UNGUARDED_AVAILABILITY = YES_AGGRESSIVE;
				CLANG_WARN_UNREACHABLE_CODE = YES;
				CLANG_WARN__DUPLICATE_METHOD_MATCH = YES;
				CODE_SIGN_IDENTITY = "iPhone Developer";
				COPY_PHASE_STRIP = NO;
				DEBUG_INFORMATION_FORMAT = dwarf;
				ENABLE_STRICT_OBJC_MSGSEND = YES;
				ENABLE_TESTABILITY = YES;
				GCC_C_LANGUAGE_STANDARD = gnu11;
				GCC_DYNAMIC_NO_PIC = NO;
				GCC_NO_COMMON_BLOCKS = YES;
				GCC_OPTIMIZATION_LEVEL = 0;
				GCC_PREPROCESSOR_DEFINITIONS = (
					"DEBUG=1",
					"$(inherited)",
				);
				GCC_WARN_64_TO_32_BIT_CONVERSION = YES;
				GCC_WARN_ABOUT_RETURN_TYPE = YES_ERROR;
				GCC_WARN_UNDECLARED_SELECTOR = YES;
				GCC_WARN_UNINITIALIZED_AUTOS = YES_AGGRESSIVE;
				GCC_WARN_UNUSED_FUNCTION = YES;
				GCC_WARN_UNUSED_VARIABLE = YES;
				IPHONEOS_DEPLOYMENT_TARGET = 12.2;
				MTL_ENABLE_DEBUG_INFO = INCLUDE_SOURCE;
				MTL_FAST_MATH = YES;
				ONLY_ACTIVE_ARCH = YES;
				SDKROOT = iphoneos;
				SWIFT_ACTIVE_COMPILATION_CONDITIONS = DEBUG;
				SWIFT_OPTIMIZATION_LEVEL = "-Onone";
			};
			name = Debug;
		};
		3879BCCC227A85C3003B6862 /* Release */ = {
			isa = XCBuildConfiguration;
			buildSettings = {
				ALWAYS_SEARCH_USER_PATHS = NO;
				CLANG_ANALYZER_NONNULL = YES;
				CLANG_ANALYZER_NUMBER_OBJECT_CONVERSION = YES_AGGRESSIVE;
				CLANG_CXX_LANGUAGE_STANDARD = "gnu++14";
				CLANG_CXX_LIBRARY = "libc++";
				CLANG_ENABLE_MODULES = YES;
				CLANG_ENABLE_OBJC_ARC = YES;
				CLANG_ENABLE_OBJC_WEAK = YES;
				CLANG_WARN_BLOCK_CAPTURE_AUTORELEASING = YES;
				CLANG_WARN_BOOL_CONVERSION = YES;
				CLANG_WARN_COMMA = YES;
				CLANG_WARN_CONSTANT_CONVERSION = YES;
				CLANG_WARN_DEPRECATED_OBJC_IMPLEMENTATIONS = YES;
				CLANG_WARN_DIRECT_OBJC_ISA_USAGE = YES_ERROR;
				CLANG_WARN_DOCUMENTATION_COMMENTS = YES;
				CLANG_WARN_EMPTY_BODY = YES;
				CLANG_WARN_ENUM_CONVERSION = YES;
				CLANG_WARN_INFINITE_RECURSION = YES;
				CLANG_WARN_INT_CONVERSION = YES;
				CLANG_WARN_NON_LITERAL_NULL_CONVERSION = YES;
				CLANG_WARN_OBJC_IMPLICIT_RETAIN_SELF = YES;
				CLANG_WARN_OBJC_LITERAL_CONVERSION = YES;
				CLANG_WARN_OBJC_ROOT_CLASS = YES_ERROR;
				CLANG_WARN_RANGE_LOOP_ANALYSIS = YES;
				CLANG_WARN_STRICT_PROTOTYPES = YES;
				CLANG_WARN_SUSPICIOUS_MOVE = YES;
				CLANG_WARN_UNGUARDED_AVAILABILITY = YES_AGGRESSIVE;
				CLANG_WARN_UNREACHABLE_CODE = YES;
				CLANG_WARN__DUPLICATE_METHOD_MATCH = YES;
				CODE_SIGN_IDENTITY = "iPhone Developer";
				COPY_PHASE_STRIP = NO;
				DEBUG_INFORMATION_FORMAT = "dwarf-with-dsym";
				ENABLE_NS_ASSERTIONS = NO;
				ENABLE_STRICT_OBJC_MSGSEND = YES;
				GCC_C_LANGUAGE_STANDARD = gnu11;
				GCC_NO_COMMON_BLOCKS = YES;
				GCC_WARN_64_TO_32_BIT_CONVERSION = YES;
				GCC_WARN_ABOUT_RETURN_TYPE = YES_ERROR;
				GCC_WARN_UNDECLARED_SELECTOR = YES;
				GCC_WARN_UNINITIALIZED_AUTOS = YES_AGGRESSIVE;
				GCC_WARN_UNUSED_FUNCTION = YES;
				GCC_WARN_UNUSED_VARIABLE = YES;
				IPHONEOS_DEPLOYMENT_TARGET = 12.2;
				MTL_ENABLE_DEBUG_INFO = NO;
				MTL_FAST_MATH = YES;
				SDKROOT = iphoneos;
				SWIFT_COMPILATION_MODE = wholemodule;
				SWIFT_OPTIMIZATION_LEVEL = "-O";
				VALIDATE_PRODUCT = YES;
			};
			name = Release;
		};
		3879BCCE227A85C3003B6862 /* Debug */ = {
			isa = XCBuildConfiguration;
			buildSettings = {
				ASSETCATALOG_COMPILER_APPICON_NAME = AppIcon;
				CODE_SIGN_STYLE = Automatic;
				DEVELOPMENT_TEAM = VXUQXR6S56;
				INFOPLIST_FILE = "AutoLayout (iOSPT1)/Info.plist";
				LD_RUNPATH_SEARCH_PATHS = (
					"$(inherited)",
					"@executable_path/Frameworks",
				);
				PRODUCT_BUNDLE_IDENTIFIER = "com.johnhicks.AutoLayout--iOSPT1-";
				PRODUCT_NAME = "$(TARGET_NAME)";
				SWIFT_VERSION = 5.0;
				TARGETED_DEVICE_FAMILY = "1,2";
			};
			name = Debug;
		};
		3879BCCF227A85C3003B6862 /* Release */ = {
			isa = XCBuildConfiguration;
			buildSettings = {
				ASSETCATALOG_COMPILER_APPICON_NAME = AppIcon;
				CODE_SIGN_STYLE = Automatic;
				DEVELOPMENT_TEAM = VXUQXR6S56;
				INFOPLIST_FILE = "AutoLayout (iOSPT1)/Info.plist";
				LD_RUNPATH_SEARCH_PATHS = (
					"$(inherited)",
					"@executable_path/Frameworks",
				);
				PRODUCT_BUNDLE_IDENTIFIER = "com.johnhicks.AutoLayout--iOSPT1-";
				PRODUCT_NAME = "$(TARGET_NAME)";
				SWIFT_VERSION = 5.0;
				TARGETED_DEVICE_FAMILY = "1,2";
			};
			name = Release;
		};
/* End XCBuildConfiguration section */

/* Begin XCConfigurationList section */
		3879BCB6227A85C2003B6862 /* Build configuration list for PBXProject "AutoLayout (iOSPT1)" */ = {
			isa = XCConfigurationList;
			buildConfigurations = (
				3879BCCB227A85C3003B6862 /* Debug */,
				3879BCCC227A85C3003B6862 /* Release */,
			);
			defaultConfigurationIsVisible = 0;
			defaultConfigurationName = Release;
		};
		3879BCCD227A85C3003B6862 /* Build configuration list for PBXNativeTarget "AutoLayout (iOSPT1)" */ = {
			isa = XCConfigurationList;
			buildConfigurations = (
				3879BCCE227A85C3003B6862 /* Debug */,
				3879BCCF227A85C3003B6862 /* Release */,
			);
			defaultConfigurationIsVisible = 0;
			defaultConfigurationName = Release;
		};
/* End XCConfigurationList section */
	};
	rootObject = 3879BCB3227A85C2003B6862 /* Project object */;
}
